<?xml version="1.0" encoding="utf-8"?>
<Project ToolsVersion="4.0" xmlns="http://schemas.microsoft.com/developer/msbuild/2003">
  <ItemGroup>
    <Filter Include="资源文件">
      <UniqueIdentifier>{67DA6AB6-F800-4c08-8B7A-83BB121AAD01}</UniqueIdentifier>
      <Extensions>rc;ico;cur;bmp;dlg;rc2;rct;bin;rgs;gif;jpg;jpeg;jpe;resx;tiff;tif;png;wav;mfcribbon-ms</Extensions>
    </Filter>
    <Filter Include="Common">
      <UniqueIdentifier>{3b352c1a-d6fc-452d-9928-0dd6df141674}</UniqueIdentifier>
    </Filter>
    <Filter Include="Engin">
      <UniqueIdentifier>{4FC737F1-C7A5-4376-A066-2A32D752A2FF}</UniqueIdentifier>
      <Extensions>cpp;c;cc;cxx;c++;cppm;ixx;def;odl;idl;hpj;bat;asm;asmx</Extensions>
    </Filter>
  </ItemGroup>
  <ItemGroup>
    <ClCompile Include="camera.cpp">
      <Filter>Engin</Filter>
    </ClCompile>
    <ClCompile Include="shader.cpp">
      <Filter>Engin</Filter>
    </ClCompile>
    <ClCompile Include="texture.cpp">
      <Filter>Engin</Filter>
    </ClCompile>
    <ClCompile Include="resource_manager.cpp">
      <Filter>Engin</Filter>
    </ClCompile>
    <ClCompile Include="Game.cpp">
      <Filter>Engin</Filter>
    </ClCompile>
    <ClCompile Include="Program.cpp">
      <Filter>Engin</Filter>
    </ClCompile>
    <ClCompile Include="sprite_renderer.cpp">
      <Filter>Engin</Filter>
    </ClCompile>
    <ClCompile Include="game_object.cpp">
      <Filter>Engin</Filter>
    </ClCompile>
    <ClCompile Include="ball_object.cpp">
      <Filter>Engin</Filter>
    </ClCompile>
    <ClCompile Include="game_level.cpp">
      <Filter>Engin</Filter>
    </ClCompile>
    <ClCompile Include="particle_generator.cpp">
      <Filter>Engin</Filter>
    </ClCompile>
    <ClCompile Include="post_processor.cpp">
      <Filter>Engin</Filter>
    </ClCompile>
    <ClCompile Include="text_renderer.cpp">
      <Filter>Engin</Filter>
    </ClCompile>
    <ClCompile Include="sprite.cpp">
      <Filter>Engin</Filter>
    </ClCompile>
    <ClCompile Include="Collision.cpp">
      <Filter>Engin</Filter>
    </ClCompile>
  </ItemGroup>
  <ItemGroup>
    <ClInclude Include="ball_object.h">
      <Filter>Engin</Filter>
    </ClInclude>
    <ClInclude Include="camera.h">
      <Filter>Engin</Filter>
    </ClInclude>
    <ClInclude Include="Game.h">
      <Filter>Engin</Filter>
    </ClInclude>
    <ClInclude Include="game_level.h">
      <Filter>Engin</Filter>
    </ClInclude>
    <ClInclude Include="game_object.h">
      <Filter>Engin</Filter>
    </ClInclude>
    <ClInclude Include="particle_generator.h">
      <Filter>Engin</Filter>
    </ClInclude>
    <ClInclude Include="plf_list.h">
      <Filter>Engin</Filter>
    </ClInclude>
    <ClInclude Include="post_processor.h">
      <Filter>Engin</Filter>
    </ClInclude>
    <ClInclude Include="power_up.h">
      <Filter>Engin</Filter>
    </ClInclude>
    <ClInclude Include="resource_manager.h">
      <Filter>Engin</Filter>
    </ClInclude>
    <ClInclude Include="shader.h">
      <Filter>Engin</Filter>
    </ClInclude>
    <ClInclude Include="sprite.h">
      <Filter>Engin</Filter>
    </ClInclude>
    <ClInclude Include="sprite_renderer.h">
      <Filter>Engin</Filter>
    </ClInclude>
    <ClInclude Include="text_renderer.h">
      <Filter>Engin</Filter>
    </ClInclude>
    <ClInclude Include="texture.h">
      <Filter>Engin</Filter>
    </ClInclude>
    <ClInclude Include="Collision.h" />
  </ItemGroup>
</Project>